
Microsoft Visual Studio Solution File, Format Version 12.00
# Visual Studio Version 17
VisualStudioVersion = 17.2.32630.192
MinimumVisualStudioVersion = 10.0.40219.1
Project("{FAE04EC0-301F-11D3-BF4B-00C04F79EFBC}") = "SimpleandCompoundInterest", "SimpleandCompoundInterest\SimpleandCompoundInterest.csproj", "{341A671A-C056-4FBD-A96A-658C0CE71AE3}"
EndProject
Global
	GlobalSection(SolutionConfigurationPlatforms) = preSolution
		Debug|Any CPU = Debug|Any CPU
		Release|Any CPU = Release|Any CPU
	EndGlobalSection
	GlobalSection(ProjectConfigurationPlatforms) = postSolution
		{341A671A-C056-4FBD-A96A-658C0CE71AE3}.Debug|Any CPU.ActiveCfg = Debug|Any CPU
		{341A671A-C056-4FBD-A96A-658C0CE71AE3}.Debug|Any CPU.Build.0 = Debug|Any CPU
		{341A671A-C056-4FBD-A96A-658C0CE71AE3}.Release|Any CPU.ActiveCfg = Release|Any CPU
		{341A671A-C056-4FBD-A96A-658C0CE71AE3}.Release|Any CPU.Build.0 = Release|Any CPU
	EndGlobalSection
	GlobalSection(SolutionProperties) = preSolution
		HideSolutionNode = FALSE
	EndGlobalSection
	GlobalSection(ExtensibilityGlobals) = postSolution
		SolutionGuid = {E5310692-6AAD-4EBE-B268-9D3374AD02D4}
	EndGlobalSection
EndGlobal
